
Microsoft Visual Studio Solution File, Format Version 12.00
# Visual Studio 15
VisualStudioVersion = 15.0.28307.2017
MinimumVisualStudioVersion = 10.0.40219.1
Project("{FAE04EC0-301F-11D3-BF4B-00C04F79EFBC}") = "Lisans_3", "Lisans_3\Lisans_3.csproj", "{4368ABBD-EC8A-488A-A9EB-1DE5EAC0E723}"
EndProject
Global
	GlobalSection(SolutionConfigurationPlatforms) = preSolution
		Debug|Any CPU = Debug|Any CPU
		Release|Any CPU = Release|Any CPU
	EndGlobalSection
	GlobalSection(ProjectConfigurationPlatforms) = postSolution
		{4368ABBD-EC8A-488A-A9EB-1DE5EAC0E723}.Debug|Any CPU.ActiveCfg = Debug|Any CPU
		{4368ABBD-EC8A-488A-A9EB-1DE5EAC0E723}.Debug|Any CPU.Build.0 = Debug|Any CPU
		{4368ABBD-EC8A-488A-A9EB-1DE5EAC0E723}.Release|Any CPU.ActiveCfg = Release|Any CPU
		{4368ABBD-EC8A-488A-A9EB-1DE5EAC0E723}.Release|Any CPU.Build.0 = Release|Any CPU
	EndGlobalSection
	GlobalSection(SolutionProperties) = preSolution
		HideSolutionNode = FALSE
	EndGlobalSection
	GlobalSection(ExtensibilityGlobals) = postSolution
		SolutionGuid = {5508A222-13D8-4734-BCC5-5466D3FB7B44}
	EndGlobalSection
EndGlobal
